
Microsoft Visual Studio Solution File, Format Version 12.00
# Visual Studio Version 17
VisualStudioVersion = 17.0.31903.59
MinimumVisualStudioVersion = 10.0.40219.1
Project("{2150E333-8FDC-42A3-9474-1A3956D46DE8}") = "src", "src", "{40724F01-CB90-4718-A389-9BF086B31444}"
EndProject
Project("{F2A71F9B-5D33-465A-A702-920D77279786}") = "STRling", "src\STRling\STRling.fsproj", "{F6CA166E-C2AD-4A30-8BE8-8A7119CE4968}"
EndProject
Project("{2150E333-8FDC-42A3-9474-1A3956D46DE8}") = "tests", "tests", "{52AB8768-0289-45B0-9EEB-50811D9CCAAF}"
EndProject
Project("{F2A71F9B-5D33-465A-A702-920D77279786}") = "STRling.Tests", "tests\STRling.Tests\STRling.Tests.fsproj", "{01FDBB4E-DB21-40D1-AF13-FEAE0972C4A3}"
EndProject
Global
	GlobalSection(SolutionConfigurationPlatforms) = preSolution
		Debug|Any CPU = Debug|Any CPU
		Release|Any CPU = Release|Any CPU
	EndGlobalSection
	GlobalSection(SolutionProperties) = preSolution
		HideSolutionNode = FALSE
	EndGlobalSection
	GlobalSection(ProjectConfigurationPlatforms) = postSolution
		{F6CA166E-C2AD-4A30-8BE8-8A7119CE4968}.Debug|Any CPU.ActiveCfg = Debug|Any CPU
		{F6CA166E-C2AD-4A30-8BE8-8A7119CE4968}.Debug|Any CPU.Build.0 = Debug|Any CPU
		{F6CA166E-C2AD-4A30-8BE8-8A7119CE4968}.Release|Any CPU.ActiveCfg = Release|Any CPU
		{F6CA166E-C2AD-4A30-8BE8-8A7119CE4968}.Release|Any CPU.Build.0 = Release|Any CPU
		{01FDBB4E-DB21-40D1-AF13-FEAE0972C4A3}.Debug|Any CPU.ActiveCfg = Debug|Any CPU
		{01FDBB4E-DB21-40D1-AF13-FEAE0972C4A3}.Debug|Any CPU.Build.0 = Debug|Any CPU
		{01FDBB4E-DB21-40D1-AF13-FEAE0972C4A3}.Release|Any CPU.ActiveCfg = Release|Any CPU
		{01FDBB4E-DB21-40D1-AF13-FEAE0972C4A3}.Release|Any CPU.Build.0 = Release|Any CPU
	EndGlobalSection
	GlobalSection(NestedProjects) = preSolution
		{F6CA166E-C2AD-4A30-8BE8-8A7119CE4968} = {40724F01-CB90-4718-A389-9BF086B31444}
		{01FDBB4E-DB21-40D1-AF13-FEAE0972C4A3} = {52AB8768-0289-45B0-9EEB-50811D9CCAAF}
	EndGlobalSection
EndGlobal
